
Microsoft Visual Studio Solution File, Format Version 12.00
# Visual Studio Version 17
VisualStudioVersion = 17.0.31903.59
MinimumVisualStudioVersion = 10.0.40219.1
Project("{FAE04EC0-301F-11D3-BF4B-00C04F79EFBC}") = "Consumer.WebApi", "Consumer.WebApi\Consumer.WebApi.csproj", "{2612FE00-8E60-49E3-ABBB-91EF3A90120C}"
EndProject
Global
	GlobalSection(SolutionConfigurationPlatforms) = preSolution
		Debug|Any CPU = Debug|Any CPU
		Release|Any CPU = Release|Any CPU
	EndGlobalSection
	GlobalSection(SolutionProperties) = preSolution
		HideSolutionNode = FALSE
	EndGlobalSection
	GlobalSection(ProjectConfigurationPlatforms) = postSolution
		{2612FE00-8E60-49E3-ABBB-91EF3A90120C}.Debug|Any CPU.ActiveCfg = Debug|Any CPU
		{2612FE00-8E60-49E3-ABBB-91EF3A90120C}.Debug|Any CPU.Build.0 = Debug|Any CPU
		{2612FE00-8E60-49E3-ABBB-91EF3A90120C}.Release|Any CPU.ActiveCfg = Release|Any CPU
		{2612FE00-8E60-49E3-ABBB-91EF3A90120C}.Release|Any CPU.Build.0 = Release|Any CPU
	EndGlobalSection
EndGlobal
